Microsoft Visual Studio Solution File, Format Version 12.00
# Visual Studio Version 17
VisualStudioVersion = 17.5.2.0
MinimumVisualStudioVersion = 10.0.40219.1
Project("{FAE04EC0-301F-11D3-BF4B-00C04F79EFBC}") = "Slashcoded.DesktopTracker", "Slashcoded.DesktopTracker.csproj", "{0F48CC1E-B4EF-3290-6B77-0E71D98FA9FC}"
EndProject
Global
	GlobalSection(SolutionConfigurationPlatforms) = preSolution
		Debug|Any CPU = Debug|Any CPU
		Release|Any CPU = Release|Any CPU
	EndGlobalSection
	GlobalSection(ProjectConfigurationPlatforms) = postSolution
		{0F48CC1E-B4EF-3290-6B77-0E71D98FA9FC}.Debug|Any CPU.ActiveCfg = Debug|Any CPU
		{0F48CC1E-B4EF-3290-6B77-0E71D98FA9FC}.Debug|Any CPU.Build.0 = Debug|Any CPU
		{0F48CC1E-B4EF-3290-6B77-0E71D98FA9FC}.Release|Any CPU.ActiveCfg = Release|Any CPU
		{0F48CC1E-B4EF-3290-6B77-0E71D98FA9FC}.Release|Any CPU.Build.0 = Release|Any CPU
	EndGlobalSection
	GlobalSection(SolutionProperties) = preSolution
		HideSolutionNode = FALSE
	EndGlobalSection
	GlobalSection(ExtensibilityGlobals) = postSolution
		SolutionGuid = {673188C3-370C-4315-A8FB-ADAFFF31F531}
	EndGlobalSection
EndGlobal
